
Microsoft Visual Studio Solution File, Format Version 12.00
# Visual Studio Version 16
VisualStudioVersion = 16.0.31605.320
MinimumVisualStudioVersion = 10.0.40219.1
Project("{FAE04EC0-301F-11D3-BF4B-00C04F79EFBC}") = "Book-WebApp", "Book-WebApp.csproj", "{F05FE07F-B9C6-4E65-8447-E384F59BB96E}"
EndProject
Global
	GlobalSection(SolutionConfigurationPlatforms) = preSolution
		Debug|Any CPU = Debug|Any CPU
		Release|Any CPU = Release|Any CPU
	EndGlobalSection
	GlobalSection(ProjectConfigurationPlatforms) = postSolution
		{F05FE07F-B9C6-4E65-8447-E384F59BB96E}.Debug|Any CPU.ActiveCfg = Debug|Any CPU
		{F05FE07F-B9C6-4E65-8447-E384F59BB96E}.Debug|Any CPU.Build.0 = Debug|Any CPU
		{F05FE07F-B9C6-4E65-8447-E384F59BB96E}.Release|Any CPU.ActiveCfg = Release|Any CPU
		{F05FE07F-B9C6-4E65-8447-E384F59BB96E}.Release|Any CPU.Build.0 = Release|Any CPU
	EndGlobalSection
	GlobalSection(SolutionProperties) = preSolution
		HideSolutionNode = FALSE
	EndGlobalSection
	GlobalSection(ExtensibilityGlobals) = postSolution
		SolutionGuid = {50CA5CE7-215E-4379-8775-739FE650D9A3}
	EndGlobalSection
EndGlobal
